
Microsoft Visual Studio Solution File, Format Version 12.00
# Visual Studio Version 17
VisualStudioVersion = 17.7.34221.43
MinimumVisualStudioVersion = 10.0.40219.1
Project("{FAE04EC0-301F-11D3-BF4B-00C04F79EFBC}") = "Wocha", "Wocha\Wocha.csproj", "{1D0BECE2-794E-4F55-8350-AB2C23D52EC1}"
EndProject
Project("{FAE04EC0-301F-11D3-BF4B-00C04F79EFBC}") = "ChatServer", "ChatServer\ChatServer.csproj", "{4147CAF4-EA22-453A-9AAB-DD11712C5E6D}"
EndProject
Global
	GlobalSection(SolutionConfigurationPlatforms) = preSolution
		Debug|Any CPU = Debug|Any CPU
		Release|Any CPU = Release|Any CPU
	EndGlobalSection
	GlobalSection(ProjectConfigurationPlatforms) = postSolution
		{1D0BECE2-794E-4F55-8350-AB2C23D52EC1}.Debug|Any CPU.ActiveCfg = Debug|Any CPU
		{1D0BECE2-794E-4F55-8350-AB2C23D52EC1}.Debug|Any CPU.Build.0 = Debug|Any CPU
		{1D0BECE2-794E-4F55-8350-AB2C23D52EC1}.Release|Any CPU.ActiveCfg = Release|Any CPU
		{1D0BECE2-794E-4F55-8350-AB2C23D52EC1}.Release|Any CPU.Build.0 = Release|Any CPU
		{4147CAF4-EA22-453A-9AAB-DD11712C5E6D}.Debug|Any CPU.ActiveCfg = Debug|Any CPU
		{4147CAF4-EA22-453A-9AAB-DD11712C5E6D}.Debug|Any CPU.Build.0 = Debug|Any CPU
		{4147CAF4-EA22-453A-9AAB-DD11712C5E6D}.Release|Any CPU.ActiveCfg = Release|Any CPU
		{4147CAF4-EA22-453A-9AAB-DD11712C5E6D}.Release|Any CPU.Build.0 = Release|Any CPU
	EndGlobalSection
	GlobalSection(SolutionProperties) = preSolution
		HideSolutionNode = FALSE
	EndGlobalSection
	GlobalSection(ExtensibilityGlobals) = postSolution
		SolutionGuid = {62A07445-BDB6-4F03-9858-9175B0DE93D8}
	EndGlobalSection
EndGlobal
